
Microsoft Visual Studio Solution File, Format Version 12.00
# Visual Studio Version 17
VisualStudioVersion = 17.6.33801.468
MinimumVisualStudioVersion = 10.0.40219.1
Project("{FAE04EC0-301F-11D3-BF4B-00C04F79EFBC}") = "OOP22-rusco-dc-csharp", "OOP22-rusco-dc-csharp.csproj", "{F16D363D-22B6-4651-8B6C-9311A6F35BAE}"
EndProject
Global
	GlobalSection(SolutionConfigurationPlatforms) = preSolution
		Debug|Any CPU = Debug|Any CPU
		Release|Any CPU = Release|Any CPU
	EndGlobalSection
	GlobalSection(ProjectConfigurationPlatforms) = postSolution
		{F16D363D-22B6-4651-8B6C-9311A6F35BAE}.Debug|Any CPU.ActiveCfg = Debug|Any CPU
		{F16D363D-22B6-4651-8B6C-9311A6F35BAE}.Debug|Any CPU.Build.0 = Debug|Any CPU
		{F16D363D-22B6-4651-8B6C-9311A6F35BAE}.Release|Any CPU.ActiveCfg = Release|Any CPU
		{F16D363D-22B6-4651-8B6C-9311A6F35BAE}.Release|Any CPU.Build.0 = Release|Any CPU
	EndGlobalSection
	GlobalSection(SolutionProperties) = preSolution
		HideSolutionNode = FALSE
	EndGlobalSection
	GlobalSection(ExtensibilityGlobals) = postSolution
		SolutionGuid = {2353184A-3B77-4EE9-A5C7-1E732E19971E}
	EndGlobalSection
EndGlobal
